
Microsoft Visual Studio Solution File, Format Version 12.00
# Visual Studio Version 16
VisualStudioVersion = 16.0.31624.102
MinimumVisualStudioVersion = 10.0.40219.1
Project("{9A19103F-16F7-4668-BE54-9A1E7A4F7556}") = "MyTCPService", "MyTCPService\MyTCPService.csproj", "{A0A02AF9-AAF4-49F7-A813-62562E08EC58}"
EndProject
Project("{FAE04EC0-301F-11D3-BF4B-00C04F79EFBC}") = "MyTCPServiceClientTest", "MyTCPServiceClientTest\MyTCPServiceClientTest.csproj", "{2DE63862-16C8-47A4-92B5-AF5F125EB71D}"
EndProject
Project("{FAE04EC0-301F-11D3-BF4B-00C04F79EFBC}") = "MyTCPServiceServerTest", "MyTCPServiceServerTest\MyTCPServiceServerTest.csproj", "{BB9BD4A1-F720-4798-B4D9-76A5B8913C24}"
EndProject
Global
	GlobalSection(SolutionConfigurationPlatforms) = preSolution
		Debug|Any CPU = Debug|Any CPU
		Release|Any CPU = Release|Any CPU
	EndGlobalSection
	GlobalSection(ProjectConfigurationPlatforms) = postSolution
		{A0A02AF9-AAF4-49F7-A813-62562E08EC58}.Debug|Any CPU.ActiveCfg = Debug|Any CPU
		{A0A02AF9-AAF4-49F7-A813-62562E08EC58}.Debug|Any CPU.Build.0 = Debug|Any CPU
		{A0A02AF9-AAF4-49F7-A813-62562E08EC58}.Release|Any CPU.ActiveCfg = Release|Any CPU
		{A0A02AF9-AAF4-49F7-A813-62562E08EC58}.Release|Any CPU.Build.0 = Release|Any CPU
		{2DE63862-16C8-47A4-92B5-AF5F125EB71D}.Debug|Any CPU.ActiveCfg = Debug|Any CPU
		{2DE63862-16C8-47A4-92B5-AF5F125EB71D}.Debug|Any CPU.Build.0 = Debug|Any CPU
		{2DE63862-16C8-47A4-92B5-AF5F125EB71D}.Release|Any CPU.ActiveCfg = Release|Any CPU
		{2DE63862-16C8-47A4-92B5-AF5F125EB71D}.Release|Any CPU.Build.0 = Release|Any CPU
		{BB9BD4A1-F720-4798-B4D9-76A5B8913C24}.Debug|Any CPU.ActiveCfg = Debug|Any CPU
		{BB9BD4A1-F720-4798-B4D9-76A5B8913C24}.Debug|Any CPU.Build.0 = Debug|Any CPU
		{BB9BD4A1-F720-4798-B4D9-76A5B8913C24}.Release|Any CPU.ActiveCfg = Release|Any CPU
		{BB9BD4A1-F720-4798-B4D9-76A5B8913C24}.Release|Any CPU.Build.0 = Release|Any CPU
	EndGlobalSection
	GlobalSection(SolutionProperties) = preSolution
		HideSolutionNode = FALSE
	EndGlobalSection
	GlobalSection(ExtensibilityGlobals) = postSolution
		SolutionGuid = {FC26CCBE-A8B4-4D63-8E33-47EDD0758B43}
	EndGlobalSection
EndGlobal
